// !$*UTF8*$!
{
	archiveVersion = 1;
	classes = {
	};
	objectVersion = 51;
	objects = {

/* Begin PBXBuildFile section */
		19CFD4F2248E6E4E00FE983B /* AppDelegate.swift in Sources */ = {isa = PBXBuildFile; fileRef = 19CFD4F1248E6E4E00FE983B /* AppDelegate.swift */; };
		19CFD4F4248E6E4E00FE983B /* SceneDelegate.swift in Sources */ = {isa = PBXBuildFile; fileRef = 19CFD4F3248E6E4E00FE983B /* SceneDelegate.swift */; };
		19CFD4F9248E6E4E00FE983B /* Main.storyboard in Resources */ = {isa = PBXBuildFile; fileRef = 19CFD4F7248E6E4E00FE983B /* Main.storyboard */; };
		19CFD4FB248E6E5000FE983B /* Assets.xcassets in Resources */ = {isa = PBXBuildFile; fileRef = 19CFD4FA248E6E5000FE983B /* Assets.xcassets */; };
		19CFD4FE248E6E5000FE983B /* LaunchScreen.storyboard in Resources */ = {isa = PBXBuildFile; fileRef = 19CFD4FC248E6E5000FE983B /* LaunchScreen.storyboard */; };
		19CFD50A248E857E00FE983B /* googleViewController.swift in Sources */ = {isa = PBXBuildFile; fileRef = 19CFD509248E857E00FE983B /* googleViewController.swift */; };
		19CFD50C248E866000FE983B /* MapVC.swift in Sources */ = {isa = PBXBuildFile; fileRef = 19CFD50B248E866000FE983B /* MapVC.swift */; };
		432474370903A4566DF8592D /* Pods_googleDemo.framework in Frameworks */ = {isa = PBXBuildFile; fileRef = 6CE0591833DA74C6EA5ABEA8 /* Pods_googleDemo.framework */; };
/* End PBXBuildFile section */

/* Begin PBXFileReference section */
		19CFD4EE248E6E4E00FE983B /* googleDemo.app */ = {isa = PBXFileReference; explicitFileType = wrapper.application; includeInIndex = 0; path = googleDemo.app; sourceTree = BUILT_PRODUCTS_DIR; };
		19CFD4F1248E6E4E00FE983B /* AppDelegate.swift */ = {isa = PBXFileReference; lastKnownFileType = sourcecode.swift; path = AppDelegate.swift; sourceTree = "<group>"; };
		19CFD4F3248E6E4E00FE983B /* SceneDelegate.swift */ = {isa = PBXFileReference; lastKnownFileType = sourcecode.swift; path = SceneDelegate.swift; sourceTree = "<group>"; };
		19CFD4F8248E6E4E00FE983B /* Base */ = {isa = PBXFileReference; lastKnownFileType = file.storyboard; name = Base; path = Base.lproj/Main.storyboard; sourceTree = "<group>"; };
		19CFD4FA248E6E5000FE983B /* Assets.xcassets */ = {isa = PBXFileReference; lastKnownFileType = folder.assetcatalog; path = Assets.xcassets; sourceTree = "<group>"; };
		19CFD4FD248E6E5000FE983B /* Base */ = {isa = PBXFileReference; lastKnownFileType = file.storyboard; name = Base; path = Base.lproj/LaunchScreen.storyboard; sourceTree = "<group>"; };
		19CFD4FF248E6E5000FE983B /* Info.plist */ = {isa = PBXFileReference; lastKnownFileType = text.plist.xml; path = Info.plist; sourceTree = "<group>"; };
		19CFD509248E857E00FE983B /* googleViewController.swift */ = {isa = PBXFileReference; lastKnownFileType = sourcecode.swift; path = googleViewController.swift; sourceTree = "<group>"; };
		19CFD50B248E866000FE983B /* MapVC.swift */ = {isa = PBXFileReference; lastKnownFileType = sourcecode.swift; path = MapVC.swift; sourceTree = "<group>"; };
		6CE0591833DA74C6EA5ABEA8 /* Pods_googleDemo.framework */ = {isa = PBXFileReference; explicitFileType = wrapper.framework; includeInIndex = 0; path = Pods_googleDemo.framework; sourceTree = BUILT_PRODUCTS_DIR; };
		751A41C40279713BD462E5D1 /* Pods-googleDemo.release.xcconfig */ = {isa = PBXFileReference; includeInIndex = 1; lastKnownFileType = text.xcconfig; name = "Pods-googleDemo.release.xcconfig"; path = "Target Support Files/Pods-googleDemo/Pods-googleDemo.release.xcconfig"; sourceTree = "<group>"; };
		E08E4BB295DAA772A80B3437 /* Pods-googleDemo.debug.xcconfig */ = {isa = PBXFileReference; includeInIndex = 1; lastKnownFileType = text.xcconfig; name = "Pods-googleDemo.debug.xcconfig"; path = "Target Support Files/Pods-googleDemo/Pods-googleDemo.debug.xcconfig"; sourceTree = "<group>"; };
/* End PBXFileReference section */

/* Begin PBXFrameworksBuildPhase section */
		19CFD4EB248E6E4E00FE983B /* Frameworks */ = {
			isa = PBXFrameworksBuildPhase;
			buildActionMask = 2147483647;
			files = (
				432474370903A4566DF8592D /* Pods_googleDemo.framework in Frameworks */,
			);
			runOnlyForDeploymentPostprocessing = 0;
		};
/* End PBXFrameworksBuildPhase section */

/* Begin PBXGroup section */
		19CFD4E5248E6E4E00FE983B = {
			isa = PBXGroup;
			children = (
				19CFD4F0248E6E4E00FE983B /* googleDemo */,
				19CFD4EF248E6E4E00FE983B /* Products */,
				61407E82EBCB5D611B3B676A /* Pods */,
				3CF5DF1731242B056172DC3A /* Frameworks */,
			);
			sourceTree = "<group>";
		};
		19CFD4EF248E6E4E00FE983B /* Products */ = {
			isa = PBXGroup;
			children = (
				19CFD4EE248E6E4E00FE983B /* googleDemo.app */,
			);
			name = Products;
			sourceTree = "<group>";
		};
		19CFD4F0248E6E4E00FE983B /* googleDemo */ = {
			isa = PBXGroup;
			children = (
				19CFD4F1248E6E4E00FE983B /* AppDelegate.swift */,
				19CFD50B248E866000FE983B /* MapVC.swift */,
				19CFD4F3248E6E4E00FE983B /* SceneDelegate.swift */,
				19CFD509248E857E00FE983B /* googleViewController.swift */,
				19CFD4F7248E6E4E00FE983B /* Main.storyboard */,
				19CFD4FA248E6E5000FE983B /* Assets.xcassets */,
				19CFD4FC248E6E5000FE983B /* LaunchScreen.storyboard */,
				19CFD4FF248E6E5000FE983B /* Info.plist */,
			);
			path = googleDemo;
			sourceTree = "<group>";
		};
		3CF5DF1731242B056172DC3A /* Frameworks */ = {
			isa = PBXGroup;
			children = (
				6CE0591833DA74C6EA5ABEA8 /* Pods_googleDemo.framework */,
			);
			name = Frameworks;
			sourceTree = "<group>";
		};
		61407E82EBCB5D611B3B676A /* Pods */ = {
			isa = PBXGroup;
			children = (
				E08E4BB295DAA772A80B3437 /* Pods-googleDemo.debug.xcconfig */,
				751A41C40279713BD462E5D1 /* Pods-googleDemo.release.xcconfig */,
			);
			path = Pods;
			sourceTree = "<group>";
		};
/* End PBXGroup section */

/* Begin PBXNativeTarget section */
		19CFD4ED248E6E4E00FE983B /* googleDemo */ = {
			isa = PBXNativeTarget;
			buildConfigurationList = 19CFD502248E6E5000FE983B /* Build configuration list for PBXNativeTarget "googleDemo" */;
			buildPhases = (
				89A2F9B12EA358977F17CDB4 /* [CP] Check Pods Manifest.lock */,
				19CFD4EA248E6E4E00FE983B /* Sources */,
				19CFD4EB248E6E4E00FE983B /* Frameworks */,
				19CFD4EC248E6E4E00FE983B /* Resources */,
				01EC578030ACE00A5C870927 /* [CP] Copy Pods Resources */,
			);
			buildRules = (
			);
			dependencies = (
			);
			name = googleDemo;
			productName = googleDemo;
			productReference = 19CFD4EE248E6E4E00FE983B /* googleDemo.app */;
			productType = "com.apple.product-type.application";
		};
/* End PBXNativeTarget section */

/* Begin PBXProject section */
		19CFD4E6248E6E4E00FE983B /* Project object */ = {
			isa = PBXProject;
			attributes = {
				LastSwiftUpdateCheck = 1150;
				LastUpgradeCheck = 1150;
				ORGANIZATIONNAME = "葉育彣";
				TargetAttributes = {
					19CFD4ED248E6E4E00FE983B = {
						CreatedOnToolsVersion = 11.5;
					};
				};
			};
			buildConfigurationList = 19CFD4E9248E6E4E00FE983B /* Build configuration list for PBXProject "googleDemo" */;
			compatibilityVersion = "Xcode 9.3";
			developmentRegion = en;
			hasScannedForEncodings = 0;
			knownRegions = (
				en,
				Base,
			);
			mainGroup = 19CFD4E5248E6E4E00FE983B;
			productRefGroup = 19CFD4EF248E6E4E00FE983B /* Products */;
			projectDirPath = "";
			projectRoot = "";
			targets = (
				19CFD4ED248E6E4E00FE983B /* googleDemo */,
			);
		};
/* End PBXProject section */

/* Begin PBXResourcesBuildPhase section */
		19CFD4EC248E6E4E00FE983B /* Resources */ = {
			isa = PBXResourcesBuildPhase;
			buildActionMask = 2147483647;
			files = (
				19CFD4FE248E6E5000FE983B /* LaunchScreen.storyboard in Resources */,
				19CFD4FB248E6E5000FE983B /* Assets.xcassets in Resources */,
				19CFD4F9248E6E4E00FE983B /* Main.storyboard in Resources */,
			);
			runOnlyForDeploymentPostprocessing = 0;
		};
/* End PBXResourcesBuildPhase section */

/* Begin PBXShellScriptBuildPhase section */
		01EC578030ACE00A5C870927 /* [CP] Copy Pods Resources */ = {
			isa = PBXShellScriptBuildPhase;
			buildActionMask = 2147483647;
			files = (
			);
			inputFileListPaths = (
				"${PODS_ROOT}/Target Support Files/Pods-googleDemo/Pods-googleDemo-resources-${CONFIGURATION}-input-files.xcfilelist",
			);
			name = "[CP] Copy Pods Resources";
			outputFileListPaths = (
				"${PODS_ROOT}/Target Support Files/Pods-googleDemo/Pods-googleDemo-resources-${CONFIGURATION}-output-files.xcfilelist",
			);
			runOnlyForDeploymentPostprocessing = 0;
			shellPath = /bin/sh;
			shellScript = "\"${PODS_ROOT}/Target Support Files/Pods-googleDemo/Pods-googleDemo-resources.sh\"\n";
			showEnvVarsInLog = 0;
		};
		89A2F9B12EA358977F17CDB4 /* [CP] Check Pods Manifest.lock */ = {
			isa = PBXShellScriptBuildPhase;
			buildActionMask = 2147483647;
			files = (
			);
			inputFileListPaths = (
			);
			inputPaths = (
				"${PODS_PODFILE_DIR_PATH}/Podfile.lock",
				"${PODS_ROOT}/Manifest.lock",
			);
			name = "[CP] Check Pods Manifest.lock";
			outputFileListPaths = (
			);
			outputPaths = (
				"$(DERIVED_FILE_DIR)/Pods-googleDemo-checkManifestLockResult.txt",
			);
			runOnlyForDeploymentPostprocessing = 0;
			shellPath = /bin/sh;
			shellScript = "diff \"${PODS_PODFILE_DIR_PATH}/Podfile.lock\" \"${PODS_ROOT}/Manifest.lock\" > /dev/null\nif [ $? != 0 ] ; then\n    # print error to STDERR\n    echo \"error: The sandbox is not in sync with the Podfile.lock. Run 'pod install' or update your CocoaPods installation.\" >&2\n    exit 1\nfi\n# This output is used by Xcode 'outputs' to avoid re-running this script phase.\necho \"SUCCESS\" > \"${SCRIPT_OUTPUT_FILE_0}\"\n";
			showEnvVarsInLog = 0;
		};
/* End PBXShellScriptBuildPhase section */

/* Begin PBXSourcesBuildPhase section */
		19CFD4EA248E6E4E00FE983B /* Sources */ = {
			isa = PBXSourcesBuildPhase;
			buildActionMask = 2147483647;
			files = (
				19CFD4F2248E6E4E00FE983B /* AppDelegate.swift in Sources */,
				19CFD50C248E866000FE983B /* MapVC.swift in Sources */,
				19CFD50A248E857E00FE983B /* googleViewController.swift in Sources */,
				19CFD4F4248E6E4E00FE983B /* SceneDelegate.swift in Sources */,
			);
			runOnlyForDeploymentPostprocessing = 0;
		};
/* End PBXSourcesBuildPhase section */

/* Begin PBXVariantGroup section */
		19CFD4F7248E6E4E00FE983B /* Main.storyboard */ = {
			isa = PBXVariantGroup;
			children = (
				19CFD4F8248E6E4E00FE983B /* Base */,
			);
			name = Main.storyboard;
			sourceTree = "<group>";
		};
		19CFD4FC248E6E5000FE983B /* LaunchScreen.storyboard */ = {
			isa = PBXVariantGroup;
			children = (
				19CFD4FD248E6E5000FE983B /* Base */,
			);
			name = LaunchScreen.storyboard;
			sourceTree = "<group>";
		};
/* End PBXVariantGroup section */

/* Begin XCBuildConfiguration section */
		19CFD500248E6E5000FE983B /* Debug */ = {
			isa = XCBuildConfiguration;
			buildSettings = {
				ALWAYS_SEARCH_USER_PATHS = NO;
				CLANG_ANALYZER_NONNULL = YES;
				CLANG_ANALYZER_NUMBER_OBJECT_CONVERSION = YES_AGGRESSIVE;
				CLANG_CXX_LANGUAGE_STANDARD = "gnu++14";
				CLANG_CXX_LIBRARY = "libc++";
				CLANG_ENABLE_MODULES = YES;
				CLANG_ENABLE_OBJC_ARC = YES;
				CLANG_ENABLE_OBJC_WEAK = YES;
				CLANG_WARN_BLOCK_CAPTURE_AUTORELEASING = YES;
				CLANG_WARN_BOOL_CONVERSION = YES;
				CLANG_WARN_COMMA = YES;
				CLANG_WARN_CONSTANT_CONVERSION = YES;
				CLANG_WARN_DEPRECATED_OBJC_IMPLEMENTATIONS = YES;
				CLANG_WARN_DIRECT_OBJC_ISA_USAGE = YES_ERROR;
				CLANG_WARN_DOCUMENTATION_COMMENTS = YES;
				CLANG_WARN_EMPTY_BODY = YES;
				CLANG_WARN_ENUM_CONVERSION = YES;
				CLANG_WARN_INFINITE_RECURSION = YES;
				CLANG_WARN_INT_CONVERSION = YES;
				CLANG_WARN_NON_LITERAL_NULL_CONVERSION = YES;
				CLANG_WARN_OBJC_IMPLICIT_RETAIN_SELF = YES;
				CLANG_WARN_OBJC_LITERAL_CONVERSION = YES;
				CLANG_WARN_OBJC_ROOT_CLASS = YES_ERROR;
				CLANG_WARN_RANGE_LOOP_ANALYSIS = YES;
				CLANG_WARN_STRICT_PROTOTYPES = YES;
				CLANG_WARN_SUSPICIOUS_MOVE = YES;
				CLANG_WARN_UNGUARDED_AVAILABILITY = YES_AGGRESSIVE;
				CLANG_WARN_UNREACHABLE_CODE = YES;
				CLANG_WARN__DUPLICATE_METHOD_MATCH = YES;
				COPY_PHASE_STRIP = NO;
				DEBUG_INFORMATION_FORMAT = dwarf;
				ENABLE_STRICT_OBJC_MSGSEND = YES;
				ENABLE_TESTABILITY = YES;
				GCC_C_LANGUAGE_STANDARD = gnu11;
				GCC_DYNAMIC_NO_PIC = NO;
				GCC_NO_COMMON_BLOCKS = YES;
				GCC_OPTIMIZATION_LEVEL = 0;
				GCC_PREPROCESSOR_DEFINITIONS = (
					"DEBUG=1",
					"$(inherited)",
				);
				GCC_WARN_64_TO_32_BIT_CONVERSION = YES;
				GCC_WARN_ABOUT_RETURN_TYPE = YES_ERROR;
				GCC_WARN_UNDECLARED_SELECTOR = YES;
				GCC_WARN_UNINITIALIZED_AUTOS = YES_AGGRESSIVE;
				GCC_WARN_UNUSED_FUNCTION = YES;
				GCC_WARN_UNUSED_VARIABLE = YES;
				IPHONEOS_DEPLOYMENT_TARGET = 13.4;
				MTL_ENABLE_DEBUG_INFO = INCLUDE_SOURCE;
				MTL_FAST_MATH = YES;
				ONLY_ACTIVE_ARCH = YES;
				SDKROOT = iphoneos;
				SWIFT_ACTIVE_COMPILATION_CONDITIONS = DEBUG;
				SWIFT_OPTIMIZATION_LEVEL = "-Onone";
			};
			name = Debug;
		};
		19CFD501248E6E5000FE983B /* Release */ = {
			isa = XCBuildConfiguration;
			buildSettings = {
				ALWAYS_SEARCH_USER_PATHS = NO;
				CLANG_ANALYZER_NONNULL = YES;
				CLANG_ANALYZER_NUMBER_OBJECT_CONVERSION = YES_AGGRESSIVE;
				CLANG_CXX_LANGUAGE_STANDARD = "gnu++14";
				CLANG_CXX_LIBRARY = "libc++";
				CLANG_ENABLE_MODULES = YES;
				CLANG_ENABLE_OBJC_ARC = YES;
				CLANG_ENABLE_OBJC_WEAK = YES;
				CLANG_WARN_BLOCK_CAPTURE_AUTORELEASING = YES;
				CLANG_WARN_BOOL_CONVERSION = YES;
				CLANG_WARN_COMMA = YES;
				CLANG_WARN_CONSTANT_CONVERSION = YES;
				CLANG_WARN_DEPRECATED_OBJC_IMPLEMENTATIONS = YES;
				CLANG_WARN_DIRECT_OBJC_ISA_USAGE = YES_ERROR;
				CLANG_WARN_DOCUMENTATION_COMMENTS = YES;
				CLANG_WARN_EMPTY_BODY = YES;
				CLANG_WARN_ENUM_CONVERSION = YES;
				CLANG_WARN_INFINITE_RECURSION = YES;
				CLANG_WARN_INT_CONVERSION = YES;
				CLANG_WARN_NON_LITERAL_NULL_CONVERSION = YES;
				CLANG_WARN_OBJC_IMPLICIT_RETAIN_SELF = YES;
				CLANG_WARN_OBJC_LITERAL_CONVERSION = YES;
				CLANG_WARN_OBJC_ROOT_CLASS = YES_ERROR;
				CLANG_WARN_RANGE_LOOP_ANALYSIS = YES;
				CLANG_WARN_STRICT_PROTOTYPES = YES;
				CLANG_WARN_SUSPICIOUS_MOVE = YES;
				CLANG_WARN_UNGUARDED_AVAILABILITY = YES_AGGRESSIVE;
				CLANG_WARN_UNREACHABLE_CODE = YES;
				CLANG_WARN__DUPLICATE_METHOD_MATCH = YES;
				COPY_PHASE_STRIP = NO;
				DEBUG_INFORMATION_FORMAT = "dwarf-with-dsym";
				ENABLE_NS_ASSERTIONS = NO;
				ENABLE_STRICT_OBJC_MSGSEND = YES;
				GCC_C_LANGUAGE_STANDARD = gnu11;
				GCC_NO_COMMON_BLOCKS = YES;
				GCC_WARN_64_TO_32_BIT_CONVERSION = YES;
				GCC_WARN_ABOUT_RETURN_TYPE = YES_ERROR;
				GCC_WARN_UNDECLARED_SELECTOR = YES;
				GCC_WARN_UNINITIALIZED_AUTOS = YES_AGGRESSIVE;
				GCC_WARN_UNUSED_FUNCTION = YES;
				GCC_WARN_UNUSED_VARIABLE = YES;
				IPHONEOS_DEPLOYMENT_TARGET = 13.4;
				MTL_ENABLE_DEBUG_INFO = NO;
				MTL_FAST_MATH = YES;
				SDKROOT = iphoneos;
				SWIFT_COMPILATION_MODE = wholemodule;
				SWIFT_OPTIMIZATION_LEVEL = "-O";
				VALIDATE_PRODUCT = YES;
			};
			name = Release;
		};
		19CFD503248E6E5000FE983B /* Debug */ = {
			isa = XCBuildConfiguration;
			baseConfigurationReference = E08E4BB295DAA772A80B3437 /* Pods-googleDemo.debug.xcconfig */;
			buildSettings = {
				ASSETCATALOG_COMPILER_APPICON_NAME = AppIcon;
				CODE_SIGN_STYLE = Automatic;
				DEVELOPMENT_TEAM = SS3P4M9T55;
				INFOPLIST_FILE = googleDemo/Info.plist;
				LD_RUNPATH_SEARCH_PATHS = (
					"$(inherited)",
					"@executable_path/Frameworks",
				);
				PRODUCT_BUNDLE_IDENTIFIER = yoyoyeh.googleDemo;
				PRODUCT_NAME = "$(TARGET_NAME)";
				SWIFT_VERSION = 5.0;
				TARGETED_DEVICE_FAMILY = "1,2";
			};
			name = Debug;
		};
		19CFD504248E6E5000FE983B /* Release */ = {
			isa = XCBuildConfiguration;
			baseConfigurationReference = 751A41C40279713BD462E5D1 /* Pods-googleDemo.release.xcconfig */;
			buildSettings = {
				ASSETCATALOG_COMPILER_APPICON_NAME = AppIcon;
				CODE_SIGN_STYLE = Automatic;
				DEVELOPMENT_TEAM = SS3P4M9T55;
				INFOPLIST_FILE = googleDemo/Info.plist;
				LD_RUNPATH_SEARCH_PATHS = (
					"$(inherited)",
					"@executable_path/Frameworks",
				);
				PRODUCT_BUNDLE_IDENTIFIER = yoyoyeh.googleDemo;
				PRODUCT_NAME = "$(TARGET_NAME)";
				SWIFT_VERSION = 5.0;
				TARGETED_DEVICE_FAMILY = "1,2";
			};
			name = Release;
		};
/* End XCBuildConfiguration section */

/* Begin XCConfigurationList section */
		19CFD4E9248E6E4E00FE983B /* Build configuration list for PBXProject "googleDemo" */ = {
			isa = XCConfigurationList;
			buildConfigurations = (
				19CFD500248E6E5000FE983B /* Debug */,
				19CFD501248E6E5000FE983B /* Release */,
			);
			defaultConfigurationIsVisible = 0;
			defaultConfigurationName = Release;
		};
		19CFD502248E6E5000FE983B /* Build configuration list for PBXNativeTarget "googleDemo" */ = {
			isa = XCConfigurationList;
			buildConfigurations = (
				19CFD503248E6E5000FE983B /* Debug */,
				19CFD504248E6E5000FE983B /* Release */,
			);
			defaultConfigurationIsVisible = 0;
			defaultConfigurationName = Release;
		};
/* End XCConfigurationList section */
	};
	rootObject = 19CFD4E6248E6E4E00FE983B /* Project object */;
}
