// !$*UTF8*$!
{
	archiveVersion = 1;
	classes = {
	};
	objectVersion = 50;
	objects = {

/* Begin PBXBuildFile section */
		190BC20E2478F4C9003AB8B9 /* AppDelegate.swift in Sources */ = {isa = PBXBuildFile; fileRef = 190BC20D2478F4C9003AB8B9 /* AppDelegate.swift */; };
		190BC2102478F4C9003AB8B9 /* SceneDelegate.swift in Sources */ = {isa = PBXBuildFile; fileRef = 190BC20F2478F4C9003AB8B9 /* SceneDelegate.swift */; };
		190BC2122478F4C9003AB8B9 /* ViewController.swift in Sources */ = {isa = PBXBuildFile; fileRef = 190BC2112478F4C9003AB8B9 /* ViewController.swift */; };
		190BC2152478F4C9003AB8B9 /* Main.storyboard in Resources */ = {isa = PBXBuildFile; fileRef = 190BC2132478F4C9003AB8B9 /* Main.storyboard */; };
		190BC2172478F4CA003AB8B9 /* Assets.xcassets in Resources */ = {isa = PBXBuildFile; fileRef = 190BC2162478F4CA003AB8B9 /* Assets.xcassets */; };
		190BC21A2478F4CA003AB8B9 /* LaunchScreen.storyboard in Resources */ = {isa = PBXBuildFile; fileRef = 190BC2182478F4CA003AB8B9 /* LaunchScreen.storyboard */; };
		4A7FF034015C32C3E068656C /* Pods_travel_Project.framework in Frameworks */ = {isa = PBXBuildFile; fileRef = 663CDA6A6062363CDBD20327 /* Pods_travel_Project.framework */; };
/* End PBXBuildFile section */

/* Begin PBXFileReference section */
		190BC20A2478F4C9003AB8B9 /* travel_Project.app */ = {isa = PBXFileReference; explicitFileType = wrapper.application; includeInIndex = 0; path = travel_Project.app; sourceTree = BUILT_PRODUCTS_DIR; };
		190BC20D2478F4C9003AB8B9 /* AppDelegate.swift */ = {isa = PBXFileReference; lastKnownFileType = sourcecode.swift; path = AppDelegate.swift; sourceTree = "<group>"; };
		190BC20F2478F4C9003AB8B9 /* SceneDelegate.swift */ = {isa = PBXFileReference; lastKnownFileType = sourcecode.swift; path = SceneDelegate.swift; sourceTree = "<group>"; };
		190BC2112478F4C9003AB8B9 /* ViewController.swift */ = {isa = PBXFileReference; lastKnownFileType = sourcecode.swift; path = ViewController.swift; sourceTree = "<group>"; };
		190BC2142478F4C9003AB8B9 /* Base */ = {isa = PBXFileReference; lastKnownFileType = file.storyboard; name = Base; path = Base.lproj/Main.storyboard; sourceTree = "<group>"; };
		190BC2162478F4CA003AB8B9 /* Assets.xcassets */ = {isa = PBXFileReference; lastKnownFileType = folder.assetcatalog; path = Assets.xcassets; sourceTree = "<group>"; };
		190BC2192478F4CA003AB8B9 /* Base */ = {isa = PBXFileReference; lastKnownFileType = file.storyboard; name = Base; path = Base.lproj/LaunchScreen.storyboard; sourceTree = "<group>"; };
		190BC21B2478F4CA003AB8B9 /* Info.plist */ = {isa = PBXFileReference; lastKnownFileType = text.plist.xml; path = Info.plist; sourceTree = "<group>"; };
		588176E35383B1C64E5B8AED /* Pods-travel_Project.release.xcconfig */ = {isa = PBXFileReference; includeInIndex = 1; lastKnownFileType = text.xcconfig; name = "Pods-travel_Project.release.xcconfig"; path = "Target Support Files/Pods-travel_Project/Pods-travel_Project.release.xcconfig"; sourceTree = "<group>"; };
		663CDA6A6062363CDBD20327 /* Pods_travel_Project.framework */ = {isa = PBXFileReference; explicitFileType = wrapper.framework; includeInIndex = 0; path = Pods_travel_Project.framework; sourceTree = BUILT_PRODUCTS_DIR; };
		8E113FFF43DBE4F10237251E /* Pods-travel_Project.debug.xcconfig */ = {isa = PBXFileReference; includeInIndex = 1; lastKnownFileType = text.xcconfig; name = "Pods-travel_Project.debug.xcconfig"; path = "Target Support Files/Pods-travel_Project/Pods-travel_Project.debug.xcconfig"; sourceTree = "<group>"; };
/* End PBXFileReference section */

/* Begin PBXFrameworksBuildPhase section */
		190BC2072478F4C9003AB8B9 /* Frameworks */ = {
			isa = PBXFrameworksBuildPhase;
			buildActionMask = 2147483647;
			files = (
				4A7FF034015C32C3E068656C /* Pods_travel_Project.framework in Frameworks */,
			);
			runOnlyForDeploymentPostprocessing = 0;
		};
/* End PBXFrameworksBuildPhase section */

/* Begin PBXGroup section */
		190BC2012478F4C9003AB8B9 = {
			isa = PBXGroup;
			children = (
				190BC20C2478F4C9003AB8B9 /* travel_Project */,
				190BC20B2478F4C9003AB8B9 /* Products */,
				A0708B823325219FBBFFCCBA /* Pods */,
				51066440E730420CAFB3114A /* Frameworks */,
			);
			sourceTree = "<group>";
		};
		190BC20B2478F4C9003AB8B9 /* Products */ = {
			isa = PBXGroup;
			children = (
				190BC20A2478F4C9003AB8B9 /* travel_Project.app */,
			);
			name = Products;
			sourceTree = "<group>";
		};
		190BC20C2478F4C9003AB8B9 /* travel_Project */ = {
			isa = PBXGroup;
			children = (
				19C80E76247903FA00CF8813 /* Helper */,
				19C80E75247903F300CF8813 /* Model */,
				19C80E74247903E900CF8813 /* View */,
				19C80E73247903B500CF8813 /* Controller */,
				19C80E72247903A700CF8813 /* API */,
				190BC20D2478F4C9003AB8B9 /* AppDelegate.swift */,
				190BC20F2478F4C9003AB8B9 /* SceneDelegate.swift */,
				190BC2112478F4C9003AB8B9 /* ViewController.swift */,
				190BC2132478F4C9003AB8B9 /* Main.storyboard */,
				190BC2162478F4CA003AB8B9 /* Assets.xcassets */,
				190BC2182478F4CA003AB8B9 /* LaunchScreen.storyboard */,
				190BC21B2478F4CA003AB8B9 /* Info.plist */,
			);
			path = travel_Project;
			sourceTree = "<group>";
		};
		19C80E72247903A700CF8813 /* API */ = {
			isa = PBXGroup;
			children = (
			);
			path = API;
			sourceTree = "<group>";
		};
		19C80E73247903B500CF8813 /* Controller */ = {
			isa = PBXGroup;
			children = (
			);
			path = Controller;
			sourceTree = "<group>";
		};
		19C80E74247903E900CF8813 /* View */ = {
			isa = PBXGroup;
			children = (
			);
			path = View;
			sourceTree = "<group>";
		};
		19C80E75247903F300CF8813 /* Model */ = {
			isa = PBXGroup;
			children = (
			);
			path = Model;
			sourceTree = "<group>";
		};
		19C80E76247903FA00CF8813 /* Helper */ = {
			isa = PBXGroup;
			children = (
			);
			path = Helper;
			sourceTree = "<group>";
		};
		51066440E730420CAFB3114A /* Frameworks */ = {
			isa = PBXGroup;
			children = (
				663CDA6A6062363CDBD20327 /* Pods_travel_Project.framework */,
			);
			name = Frameworks;
			sourceTree = "<group>";
		};
		A0708B823325219FBBFFCCBA /* Pods */ = {
			isa = PBXGroup;
			children = (
				8E113FFF43DBE4F10237251E /* Pods-travel_Project.debug.xcconfig */,
				588176E35383B1C64E5B8AED /* Pods-travel_Project.release.xcconfig */,
			);
			name = Pods;
			path = Pods;
			sourceTree = "<group>";
		};
/* End PBXGroup section */

/* Begin PBXNativeTarget section */
		190BC2092478F4C9003AB8B9 /* travel_Project */ = {
			isa = PBXNativeTarget;
			buildConfigurationList = 190BC21E2478F4CA003AB8B9 /* Build configuration list for PBXNativeTarget "travel_Project" */;
			buildPhases = (
				D367F6D393070A696DE66A22 /* [CP] Check Pods Manifest.lock */,
				190BC2062478F4C9003AB8B9 /* Sources */,
				190BC2072478F4C9003AB8B9 /* Frameworks */,
				190BC2082478F4C9003AB8B9 /* Resources */,
			);
			buildRules = (
			);
			dependencies = (
			);
			name = travel_Project;
			productName = travel_Project;
			productReference = 190BC20A2478F4C9003AB8B9 /* travel_Project.app */;
			productType = "com.apple.product-type.application";
		};
/* End PBXNativeTarget section */

/* Begin PBXProject section */
		190BC2022478F4C9003AB8B9 /* Project object */ = {
			isa = PBXProject;
			attributes = {
				LastSwiftUpdateCheck = 1140;
				LastUpgradeCheck = 1140;
				ORGANIZATIONNAME = "葉育彣";
				TargetAttributes = {
					190BC2092478F4C9003AB8B9 = {
						CreatedOnToolsVersion = 11.4.1;
					};
				};
			};
			buildConfigurationList = 190BC2052478F4C9003AB8B9 /* Build configuration list for PBXProject "travel_Project" */;
			compatibilityVersion = "Xcode 9.3";
			developmentRegion = en;
			hasScannedForEncodings = 0;
			knownRegions = (
				en,
				Base,
			);
			mainGroup = 190BC2012478F4C9003AB8B9;
			productRefGroup = 190BC20B2478F4C9003AB8B9 /* Products */;
			projectDirPath = "";
			projectRoot = "";
			targets = (
				190BC2092478F4C9003AB8B9 /* travel_Project */,
			);
		};
/* End PBXProject section */

/* Begin PBXResourcesBuildPhase section */
		190BC2082478F4C9003AB8B9 /* Resources */ = {
			isa = PBXResourcesBuildPhase;
			buildActionMask = 2147483647;
			files = (
				190BC21A2478F4CA003AB8B9 /* LaunchScreen.storyboard in Resources */,
				190BC2172478F4CA003AB8B9 /* Assets.xcassets in Resources */,
				190BC2152478F4C9003AB8B9 /* Main.storyboard in Resources */,
			);
			runOnlyForDeploymentPostprocessing = 0;
		};
/* End PBXResourcesBuildPhase section */

/* Begin PBXShellScriptBuildPhase section */
		D367F6D393070A696DE66A22 /* [CP] Check Pods Manifest.lock */ = {
			isa = PBXShellScriptBuildPhase;
			buildActionMask = 2147483647;
			files = (
			);
			inputFileListPaths = (
			);
			inputPaths = (
				"${PODS_PODFILE_DIR_PATH}/Podfile.lock",
				"${PODS_ROOT}/Manifest.lock",
			);
			name = "[CP] Check Pods Manifest.lock";
			outputFileListPaths = (
			);
			outputPaths = (
				"$(DERIVED_FILE_DIR)/Pods-travel_Project-checkManifestLockResult.txt",
			);
			runOnlyForDeploymentPostprocessing = 0;
			shellPath = /bin/sh;
			shellScript = "diff \"${PODS_PODFILE_DIR_PATH}/Podfile.lock\" \"${PODS_ROOT}/Manifest.lock\" > /dev/null\nif [ $? != 0 ] ; then\n    # print error to STDERR\n    echo \"error: The sandbox is not in sync with the Podfile.lock. Run 'pod install' or update your CocoaPods installation.\" >&2\n    exit 1\nfi\n# This output is used by Xcode 'outputs' to avoid re-running this script phase.\necho \"SUCCESS\" > \"${SCRIPT_OUTPUT_FILE_0}\"\n";
			showEnvVarsInLog = 0;
		};
/* End PBXShellScriptBuildPhase section */

/* Begin PBXSourcesBuildPhase section */
		190BC2062478F4C9003AB8B9 /* Sources */ = {
			isa = PBXSourcesBuildPhase;
			buildActionMask = 2147483647;
			files = (
				190BC2122478F4C9003AB8B9 /* ViewController.swift in Sources */,
				190BC20E2478F4C9003AB8B9 /* AppDelegate.swift in Sources */,
				190BC2102478F4C9003AB8B9 /* SceneDelegate.swift in Sources */,
			);
			runOnlyForDeploymentPostprocessing = 0;
		};
/* End PBXSourcesBuildPhase section */

/* Begin PBXVariantGroup section */
		190BC2132478F4C9003AB8B9 /* Main.storyboard */ = {
			isa = PBXVariantGroup;
			children = (
				190BC2142478F4C9003AB8B9 /* Base */,
			);
			name = Main.storyboard;
			sourceTree = "<group>";
		};
		190BC2182478F4CA003AB8B9 /* LaunchScreen.storyboard */ = {
			isa = PBXVariantGroup;
			children = (
				190BC2192478F4CA003AB8B9 /* Base */,
			);
			name = LaunchScreen.storyboard;
			sourceTree = "<group>";
		};
/* End PBXVariantGroup section */

/* Begin XCBuildConfiguration section */
		190BC21C2478F4CA003AB8B9 /* Debug */ = {
			isa = XCBuildConfiguration;
			buildSettings = {
				ALWAYS_SEARCH_USER_PATHS = NO;
				CLANG_ANALYZER_NONNULL = YES;
				CLANG_ANALYZER_NUMBER_OBJECT_CONVERSION = YES_AGGRESSIVE;
				CLANG_CXX_LANGUAGE_STANDARD = "gnu++14";
				CLANG_CXX_LIBRARY = "libc++";
				CLANG_ENABLE_MODULES = YES;
				CLANG_ENABLE_OBJC_ARC = YES;
				CLANG_ENABLE_OBJC_WEAK = YES;
				CLANG_WARN_BLOCK_CAPTURE_AUTORELEASING = YES;
				CLANG_WARN_BOOL_CONVERSION = YES;
				CLANG_WARN_COMMA = YES;
				CLANG_WARN_CONSTANT_CONVERSION = YES;
				CLANG_WARN_DEPRECATED_OBJC_IMPLEMENTATIONS = YES;
				CLANG_WARN_DIRECT_OBJC_ISA_USAGE = YES_ERROR;
				CLANG_WARN_DOCUMENTATION_COMMENTS = YES;
				CLANG_WARN_EMPTY_BODY = YES;
				CLANG_WARN_ENUM_CONVERSION = YES;
				CLANG_WARN_INFINITE_RECURSION = YES;
				CLANG_WARN_INT_CONVERSION = YES;
				CLANG_WARN_NON_LITERAL_NULL_CONVERSION = YES;
				CLANG_WARN_OBJC_IMPLICIT_RETAIN_SELF = YES;
				CLANG_WARN_OBJC_LITERAL_CONVERSION = YES;
				CLANG_WARN_OBJC_ROOT_CLASS = YES_ERROR;
				CLANG_WARN_RANGE_LOOP_ANALYSIS = YES;
				CLANG_WARN_STRICT_PROTOTYPES = YES;
				CLANG_WARN_SUSPICIOUS_MOVE = YES;
				CLANG_WARN_UNGUARDED_AVAILABILITY = YES_AGGRESSIVE;
				CLANG_WARN_UNREACHABLE_CODE = YES;
				CLANG_WARN__DUPLICATE_METHOD_MATCH = YES;
				COPY_PHASE_STRIP = NO;
				DEBUG_INFORMATION_FORMAT = dwarf;
				ENABLE_STRICT_OBJC_MSGSEND = YES;
				ENABLE_TESTABILITY = YES;
				GCC_C_LANGUAGE_STANDARD = gnu11;
				GCC_DYNAMIC_NO_PIC = NO;
				GCC_NO_COMMON_BLOCKS = YES;
				GCC_OPTIMIZATION_LEVEL = 0;
				GCC_PREPROCESSOR_DEFINITIONS = (
					"DEBUG=1",
					"$(inherited)",
				);
				GCC_WARN_64_TO_32_BIT_CONVERSION = YES;
				GCC_WARN_ABOUT_RETURN_TYPE = YES_ERROR;
				GCC_WARN_UNDECLARED_SELECTOR = YES;
				GCC_WARN_UNINITIALIZED_AUTOS = YES_AGGRESSIVE;
				GCC_WARN_UNUSED_FUNCTION = YES;
				GCC_WARN_UNUSED_VARIABLE = YES;
				IPHONEOS_DEPLOYMENT_TARGET = 13.4;
				MTL_ENABLE_DEBUG_INFO = INCLUDE_SOURCE;
				MTL_FAST_MATH = YES;
				ONLY_ACTIVE_ARCH = YES;
				SDKROOT = iphoneos;
				SWIFT_ACTIVE_COMPILATION_CONDITIONS = DEBUG;
				SWIFT_OPTIMIZATION_LEVEL = "-Onone";
			};
			name = Debug;
		};
		190BC21D2478F4CA003AB8B9 /* Release */ = {
			isa = XCBuildConfiguration;
			buildSettings = {
				ALWAYS_SEARCH_USER_PATHS = NO;
				CLANG_ANALYZER_NONNULL = YES;
				CLANG_ANALYZER_NUMBER_OBJECT_CONVERSION = YES_AGGRESSIVE;
				CLANG_CXX_LANGUAGE_STANDARD = "gnu++14";
				CLANG_CXX_LIBRARY = "libc++";
				CLANG_ENABLE_MODULES = YES;
				CLANG_ENABLE_OBJC_ARC = YES;
				CLANG_ENABLE_OBJC_WEAK = YES;
				CLANG_WARN_BLOCK_CAPTURE_AUTORELEASING = YES;
				CLANG_WARN_BOOL_CONVERSION = YES;
				CLANG_WARN_COMMA = YES;
				CLANG_WARN_CONSTANT_CONVERSION = YES;
				CLANG_WARN_DEPRECATED_OBJC_IMPLEMENTATIONS = YES;
				CLANG_WARN_DIRECT_OBJC_ISA_USAGE = YES_ERROR;
				CLANG_WARN_DOCUMENTATION_COMMENTS = YES;
				CLANG_WARN_EMPTY_BODY = YES;
				CLANG_WARN_ENUM_CONVERSION = YES;
				CLANG_WARN_INFINITE_RECURSION = YES;
				CLANG_WARN_INT_CONVERSION = YES;
				CLANG_WARN_NON_LITERAL_NULL_CONVERSION = YES;
				CLANG_WARN_OBJC_IMPLICIT_RETAIN_SELF = YES;
				CLANG_WARN_OBJC_LITERAL_CONVERSION = YES;
				CLANG_WARN_OBJC_ROOT_CLASS = YES_ERROR;
				CLANG_WARN_RANGE_LOOP_ANALYSIS = YES;
				CLANG_WARN_STRICT_PROTOTYPES = YES;
				CLANG_WARN_SUSPICIOUS_MOVE = YES;
				CLANG_WARN_UNGUARDED_AVAILABILITY = YES_AGGRESSIVE;
				CLANG_WARN_UNREACHABLE_CODE = YES;
				CLANG_WARN__DUPLICATE_METHOD_MATCH = YES;
				COPY_PHASE_STRIP = NO;
				DEBUG_INFORMATION_FORMAT = "dwarf-with-dsym";
				ENABLE_NS_ASSERTIONS = NO;
				ENABLE_STRICT_OBJC_MSGSEND = YES;
				GCC_C_LANGUAGE_STANDARD = gnu11;
				GCC_NO_COMMON_BLOCKS = YES;
				GCC_WARN_64_TO_32_BIT_CONVERSION = YES;
				GCC_WARN_ABOUT_RETURN_TYPE = YES_ERROR;
				GCC_WARN_UNDECLARED_SELECTOR = YES;
				GCC_WARN_UNINITIALIZED_AUTOS = YES_AGGRESSIVE;
				GCC_WARN_UNUSED_FUNCTION = YES;
				GCC_WARN_UNUSED_VARIABLE = YES;
				IPHONEOS_DEPLOYMENT_TARGET = 13.4;
				MTL_ENABLE_DEBUG_INFO = NO;
				MTL_FAST_MATH = YES;
				SDKROOT = iphoneos;
				SWIFT_COMPILATION_MODE = wholemodule;
				SWIFT_OPTIMIZATION_LEVEL = "-O";
				VALIDATE_PRODUCT = YES;
			};
			name = Release;
		};
		190BC21F2478F4CA003AB8B9 /* Debug */ = {
			isa = XCBuildConfiguration;
			baseConfigurationReference = 8E113FFF43DBE4F10237251E /* Pods-travel_Project.debug.xcconfig */;
			buildSettings = {
				ASSETCATALOG_COMPILER_APPICON_NAME = AppIcon;
				CODE_SIGN_STYLE = Automatic;
				INFOPLIST_FILE = travel_Project/Info.plist;
				LD_RUNPATH_SEARCH_PATHS = (
					"$(inherited)",
					"@executable_path/Frameworks",
				);
				PRODUCT_BUNDLE_IDENTIFIER = "yoyoyeh.travel-Project";
				PRODUCT_NAME = "$(TARGET_NAME)";
				SWIFT_VERSION = 5.0;
				TARGETED_DEVICE_FAMILY = "1,2";
			};
			name = Debug;
		};
		190BC2202478F4CA003AB8B9 /* Release */ = {
			isa = XCBuildConfiguration;
			baseConfigurationReference = 588176E35383B1C64E5B8AED /* Pods-travel_Project.release.xcconfig */;
			buildSettings = {
				ASSETCATALOG_COMPILER_APPICON_NAME = AppIcon;
				CODE_SIGN_STYLE = Automatic;
				INFOPLIST_FILE = travel_Project/Info.plist;
				LD_RUNPATH_SEARCH_PATHS = (
					"$(inherited)",
					"@executable_path/Frameworks",
				);
				PRODUCT_BUNDLE_IDENTIFIER = "yoyoyeh.travel-Project";
				PRODUCT_NAME = "$(TARGET_NAME)";
				SWIFT_VERSION = 5.0;
				TARGETED_DEVICE_FAMILY = "1,2";
			};
			name = Release;
		};
/* End XCBuildConfiguration section */

/* Begin XCConfigurationList section */
		190BC2052478F4C9003AB8B9 /* Build configuration list for PBXProject "travel_Project" */ = {
			isa = XCConfigurationList;
			buildConfigurations = (
				190BC21C2478F4CA003AB8B9 /* Debug */,
				190BC21D2478F4CA003AB8B9 /* Release */,
			);
			defaultConfigurationIsVisible = 0;
			defaultConfigurationName = Release;
		};
		190BC21E2478F4CA003AB8B9 /* Build configuration list for PBXNativeTarget "travel_Project" */ = {
			isa = XCConfigurationList;
			buildConfigurations = (
				190BC21F2478F4CA003AB8B9 /* Debug */,
				190BC2202478F4CA003AB8B9 /* Release */,
			);
			defaultConfigurationIsVisible = 0;
			defaultConfigurationName = Release;
		};
/* End XCConfigurationList section */
	};
	rootObject = 190BC2022478F4C9003AB8B9 /* Project object */;
}
